hash: b6b44403a4ce865059412bca42ea22ba04ebf1b0e3d66aec450ff19773bf8a9f
updated: 2016-07-05T11:32:58.119880361-05:00
imports:
- name: github.com/flosch/pongo2
  version: 7f5515449ea9bbeb00256d9cbb654c556e7d0146
- name: github.com/gocarina/gocsv
  version: 9f9602984ece3d59bf105d2e5006e8446badd357
- name: github.com/hanzo-io/oauthful
  version: 3a8fa61301adba39cc568077d546ee3485a926a6
- name: github.com/skratchdot/open-golang
  version: 75fb7ed4208cf72d323d7d02fd1a5964a7a9073c
  subpackages:
  - open
devImports: []
