hash: 62920c96755bafe221f37955ea46c4dd86295b6df07446997a57805a8969c78e
updated: 2016-06-07T17:17:38.985056847-05:00
imports:
- name: github.com/flosch/pongo2
  version: 7f5515449ea9bbeb00256d9cbb654c556e7d0146
- name: github.com/hanzo-io/oauthful
  version: 3a8fa61301adba39cc568077d546ee3485a926a6
- name: github.com/skratchdot/open-golang
  version: 75fb7ed4208cf72d323d7d02fd1a5964a7a9073c
  subpackages:
  - open
devImports: []
